
Microsoft Visual Studio Solution File, Format Version 12.00
# Visual Studio 15
VisualStudioVersion = 15.0.26124.0
MinimumVisualStudioVersion = 15.0.26124.0
Project("{F2A71F9B-5D33-465A-A702-920D77279786}") = "DayOne", "DayOne\DayOne.fsproj", "{3C3D504E-7A2A-4820-83A9-B4738E3E2CCB}"
EndProject
Global
	GlobalSection(SolutionConfigurationPlatforms) = preSolution
		Debug|Any CPU = Debug|Any CPU
		Release|Any CPU = Release|Any CPU
	EndGlobalSection
	GlobalSection(SolutionProperties) = preSolution
		HideSolutionNode = FALSE
	EndGlobalSection
	GlobalSection(ProjectConfigurationPlatforms) = postSolution
		{3C3D504E-7A2A-4820-83A9-B4738E3E2CCB}.Debug|Any CPU.ActiveCfg = Debug|Any CPU
		{3C3D504E-7A2A-4820-83A9-B4738E3E2CCB}.Debug|Any CPU.Build.0 = Debug|Any CPU
		{3C3D504E-7A2A-4820-83A9-B4738E3E2CCB}.Debug|x64.ActiveCfg = Debug|Any CPU
		{3C3D504E-7A2A-4820-83A9-B4738E3E2CCB}.Debug|x64.Build.0 = Debug|Any CPU
		{3C3D504E-7A2A-4820-83A9-B4738E3E2CCB}.Debug|x86.ActiveCfg = Debug|Any CPU
		{3C3D504E-7A2A-4820-83A9-B4738E3E2CCB}.Debug|x86.Build.0 = Debug|Any CPU
		{3C3D504E-7A2A-4820-83A9-B4738E3E2CCB}.Release|Any CPU.ActiveCfg = Release|Any CPU
		{3C3D504E-7A2A-4820-83A9-B4738E3E2CCB}.Release|Any CPU.Build.0 = Release|Any CPU
		{3C3D504E-7A2A-4820-83A9-B4738E3E2CCB}.Release|x64.ActiveCfg = Release|Any CPU
		{3C3D504E-7A2A-4820-83A9-B4738E3E2CCB}.Release|x64.Build.0 = Release|Any CPU
		{3C3D504E-7A2A-4820-83A9-B4738E3E2CCB}.Release|x86.ActiveCfg = Release|Any CPU
		{3C3D504E-7A2A-4820-83A9-B4738E3E2CCB}.Release|x86.Build.0 = Release|Any CPU
	EndGlobalSection
	GlobalSection(NestedProjects) = preSolution
	EndGlobalSection
EndGlobal
